
Microsoft Visual Studio Solution File, Format Version 12.00
# Visual Studio Version 16
VisualStudioVersion = 16.0.31729.503
MinimumVisualStudioVersion = 10.0.40219.1
Project("{FAE04EC0-301F-11D3-BF4B-00C04F79EFBC}") = "Phooneword.Android", "Phooneword\Phooneword.Android\Phooneword.Android.csproj", "{F69261BD-9D36-4708-85D4-CE4515A4A251}"
EndProject
Project("{FAE04EC0-301F-11D3-BF4B-00C04F79EFBC}") = "Phooneword.iOS", "Phooneword\Phooneword.iOS\Phooneword.iOS.csproj", "{46FB39E5-B5BA-4C3A-A365-056E1A1D1FEE}"
EndProject
Project("{FAE04EC0-301F-11D3-BF4B-00C04F79EFBC}") = "Phooneword", "Phooneword\Phooneword\Phooneword.csproj", "{26CEF7E4-53A0-4537-98F9-E0B8EAB06F7D}"
EndProject
Global
	GlobalSection(SolutionConfigurationPlatforms) = preSolution
		Debug|Any CPU = Debug|Any CPU
		Debug|iPhone = Debug|iPhone
		Debug|iPhoneSimulator = Debug|iPhoneSimulator
		Release|Any CPU = Release|Any CPU
		Release|iPhone = Release|iPhone
		Release|iPhoneSimulator = Release|iPhoneSimulator
	EndGlobalSection
	GlobalSection(ProjectConfigurationPlatforms) = postSolution
		{F69261BD-9D36-4708-85D4-CE4515A4A251}.Debug|Any CPU.ActiveCfg = Debug|Any CPU
		{F69261BD-9D36-4708-85D4-CE4515A4A251}.Debug|Any CPU.Build.0 = Debug|Any CPU
		{F69261BD-9D36-4708-85D4-CE4515A4A251}.Debug|Any CPU.Deploy.0 = Debug|Any CPU
		{F69261BD-9D36-4708-85D4-CE4515A4A251}.Debug|iPhone.ActiveCfg = Debug|Any CPU
		{F69261BD-9D36-4708-85D4-CE4515A4A251}.Debug|iPhone.Build.0 = Debug|Any CPU
		{F69261BD-9D36-4708-85D4-CE4515A4A251}.Debug|iPhone.Deploy.0 = Debug|Any CPU
		{F69261BD-9D36-4708-85D4-CE4515A4A251}.Debug|iPhoneSimulator.ActiveCfg = Debug|Any CPU
		{F69261BD-9D36-4708-85D4-CE4515A4A251}.Debug|iPhoneSimulator.Build.0 = Debug|Any CPU
		{F69261BD-9D36-4708-85D4-CE4515A4A251}.Debug|iPhoneSimulator.Deploy.0 = Debug|Any CPU
		{F69261BD-9D36-4708-85D4-CE4515A4A251}.Release|Any CPU.ActiveCfg = Release|Any CPU
		{F69261BD-9D36-4708-85D4-CE4515A4A251}.Release|Any CPU.Build.0 = Release|Any CPU
		{F69261BD-9D36-4708-85D4-CE4515A4A251}.Release|Any CPU.Deploy.0 = Release|Any CPU
		{F69261BD-9D36-4708-85D4-CE4515A4A251}.Release|iPhone.ActiveCfg = Release|Any CPU
		{F69261BD-9D36-4708-85D4-CE4515A4A251}.Release|iPhone.Build.0 = Release|Any CPU
		{F69261BD-9D36-4708-85D4-CE4515A4A251}.Release|iPhone.Deploy.0 = Release|Any CPU
		{F69261BD-9D36-4708-85D4-CE4515A4A251}.Release|iPhoneSimulator.ActiveCfg = Release|Any CPU
		{F69261BD-9D36-4708-85D4-CE4515A4A251}.Release|iPhoneSimulator.Build.0 = Release|Any CPU
		{F69261BD-9D36-4708-85D4-CE4515A4A251}.Release|iPhoneSimulator.Deploy.0 = Release|Any CPU
		{46FB39E5-B5BA-4C3A-A365-056E1A1D1FEE}.Debug|Any CPU.ActiveCfg = Debug|iPhone
		{46FB39E5-B5BA-4C3A-A365-056E1A1D1FEE}.Debug|Any CPU.Build.0 = Debug|iPhone
		{46FB39E5-B5BA-4C3A-A365-056E1A1D1FEE}.Debug|Any CPU.Deploy.0 = Debug|iPhone
		{46FB39E5-B5BA-4C3A-A365-056E1A1D1FEE}.Debug|iPhone.ActiveCfg = Debug|iPhone
		{46FB39E5-B5BA-4C3A-A365-056E1A1D1FEE}.Debug|iPhone.Build.0 = Debug|iPhone
		{46FB39E5-B5BA-4C3A-A365-056E1A1D1FEE}.Debug|iPhone.Deploy.0 = Debug|iPhone
		{46FB39E5-B5BA-4C3A-A365-056E1A1D1FEE}.Debug|iPhoneSimulator.ActiveCfg = Debug|iPhoneSimulator
		{46FB39E5-B5BA-4C3A-A365-056E1A1D1FEE}.Debug|iPhoneSimulator.Build.0 = Debug|iPhoneSimulator
		{46FB39E5-B5BA-4C3A-A365-056E1A1D1FEE}.Debug|iPhoneSimulator.Deploy.0 = Debug|iPhoneSimulator
		{46FB39E5-B5BA-4C3A-A365-056E1A1D1FEE}.Release|Any CPU.ActiveCfg = Release|iPhoneSimulator
		{46FB39E5-B5BA-4C3A-A365-056E1A1D1FEE}.Release|Any CPU.Build.0 = Release|iPhoneSimulator
		{46FB39E5-B5BA-4C3A-A365-056E1A1D1FEE}.Release|Any CPU.Deploy.0 = Release|iPhoneSimulator
		{46FB39E5-B5BA-4C3A-A365-056E1A1D1FEE}.Release|iPhone.ActiveCfg = Release|iPhone
		{46FB39E5-B5BA-4C3A-A365-056E1A1D1FEE}.Release|iPhone.Build.0 = Release|iPhone
		{46FB39E5-B5BA-4C3A-A365-056E1A1D1FEE}.Release|iPhone.Deploy.0 = Release|iPhone
		{46FB39E5-B5BA-4C3A-A365-056E1A1D1FEE}.Release|iPhoneSimulator.ActiveCfg = Release|iPhoneSimulator
		{46FB39E5-B5BA-4C3A-A365-056E1A1D1FEE}.Release|iPhoneSimulator.Build.0 = Release|iPhoneSimulator
		{46FB39E5-B5BA-4C3A-A365-056E1A1D1FEE}.Release|iPhoneSimulator.Deploy.0 = Release|iPhoneSimulator
		{26CEF7E4-53A0-4537-98F9-E0B8EAB06F7D}.Debug|Any CPU.ActiveCfg = Debug|Any CPU
		{26CEF7E4-53A0-4537-98F9-E0B8EAB06F7D}.Debug|Any CPU.Build.0 = Debug|Any CPU
		{26CEF7E4-53A0-4537-98F9-E0B8EAB06F7D}.Debug|Any CPU.Deploy.0 = Debug|Any CPU
		{26CEF7E4-53A0-4537-98F9-E0B8EAB06F7D}.Debug|iPhone.ActiveCfg = Debug|Any CPU
		{26CEF7E4-53A0-4537-98F9-E0B8EAB06F7D}.Debug|iPhone.Build.0 = Debug|Any CPU
		{26CEF7E4-53A0-4537-98F9-E0B8EAB06F7D}.Debug|iPhone.Deploy.0 = Debug|Any CPU
		{26CEF7E4-53A0-4537-98F9-E0B8EAB06F7D}.Debug|iPhoneSimulator.ActiveCfg = Debug|Any CPU
		{26CEF7E4-53A0-4537-98F9-E0B8EAB06F7D}.Debug|iPhoneSimulator.Build.0 = Debug|Any CPU
		{26CEF7E4-53A0-4537-98F9-E0B8EAB06F7D}.Debug|iPhoneSimulator.Deploy.0 = Debug|Any CPU
		{26CEF7E4-53A0-4537-98F9-E0B8EAB06F7D}.Release|Any CPU.ActiveCfg = Release|Any CPU
		{26CEF7E4-53A0-4537-98F9-E0B8EAB06F7D}.Release|Any CPU.Build.0 = Release|Any CPU
		{26CEF7E4-53A0-4537-98F9-E0B8EAB06F7D}.Release|Any CPU.Deploy.0 = Release|Any CPU
		{26CEF7E4-53A0-4537-98F9-E0B8EAB06F7D}.Release|iPhone.ActiveCfg = Release|Any CPU
		{26CEF7E4-53A0-4537-98F9-E0B8EAB06F7D}.Release|iPhone.Build.0 = Release|Any CPU
		{26CEF7E4-53A0-4537-98F9-E0B8EAB06F7D}.Release|iPhone.Deploy.0 = Release|Any CPU
		{26CEF7E4-53A0-4537-98F9-E0B8EAB06F7D}.Release|iPhoneSimulator.ActiveCfg = Release|Any CPU
		{26CEF7E4-53A0-4537-98F9-E0B8EAB06F7D}.Release|iPhoneSimulator.Build.0 = Release|Any CPU
		{26CEF7E4-53A0-4537-98F9-E0B8EAB06F7D}.Release|iPhoneSimulator.Deploy.0 = Release|Any CPU
	EndGlobalSection
	GlobalSection(SolutionProperties) = preSolution
		HideSolutionNode = FALSE
	EndGlobalSection
	GlobalSection(ExtensibilityGlobals) = postSolution
		SolutionGuid = {D7ACE8CD-B882-4293-97B1-0B1CDAB876C4}
	EndGlobalSection
EndGlobal
